// !$*UTF8*$!
{
	archiveVersion = 1;
	classes = {
	};
	objectVersion = 48;
	objects = {

/* Begin PBXBuildFile section */
		113D59211FAABF27008B10D3 /* NSString+Valid.m in Sources */ = {isa = PBXBuildFile; fileRef = 113D59201FAABF27008B10D3 /* NSString+Valid.m */; };
		113D59241FAAC848008B10D3 /* NSTimer+Block.m in Sources */ = {isa = PBXBuildFile; fileRef = 113D59231FAAC848008B10D3 /* NSTimer+Block.m */; };
		113D592B1FAAEAA1008B10D3 /* BaseNavControlPage.m in Sources */ = {isa = PBXBuildFile; fileRef = 113D592A1FAAEAA1008B10D3 /* BaseNavControlPage.m */; };
		11527BA11FAB11A9004020D9 /* DBManager.m in Sources */ = {isa = PBXBuildFile; fileRef = 11527BA01FAB11A9004020D9 /* DBManager.m */; };
		118A191A1FA99E4500741B52 /* AppDelegate.m in Sources */ = {isa = PBXBuildFile; fileRef = 118A19191FA99E4500741B52 /* AppDelegate.m */; };
		118A19221FA99E4500741B52 /* Assets.xcassets in Resources */ = {isa = PBXBuildFile; fileRef = 118A19211FA99E4500741B52 /* Assets.xcassets */; };
		118A19251FA99E4500741B52 /* LaunchScreen.storyboard in Resources */ = {isa = PBXBuildFile; fileRef = 118A19231FA99E4500741B52 /* LaunchScreen.storyboard */; };
		118A19281FA99E4500741B52 /* main.m in Sources */ = {isa = PBXBuildFile; fileRef = 118A19271FA99E4500741B52 /* main.m */; };
		11B34E111FAC392300F3C37C /* DBShareManager.m in Sources */ = {isa = PBXBuildFile; fileRef = 11B34E101FAC392300F3C37C /* DBShareManager.m */; };
		11B34E141FAC394700F3C37C /* DBUserManager.m in Sources */ = {isa = PBXBuildFile; fileRef = 11B34E131FAC394700F3C37C /* DBUserManager.m */; };
		11FBEB0B1FA9A61B00EC3DD7 /* BaseViewPage.m in Sources */ = {isa = PBXBuildFile; fileRef = 11FBEB0A1FA9A61B00EC3DD7 /* BaseViewPage.m */; };
		11FBEB141FA9A67D00EC3DD7 /* BaseListPage.m in Sources */ = {isa = PBXBuildFile; fileRef = 11FBEB131FA9A67D00EC3DD7 /* BaseListPage.m */; };
		11FBEB181FA9A80B00EC3DD7 /* HomeViewPage.m in Sources */ = {isa = PBXBuildFile; fileRef = 11FBEB171FA9A80B00EC3DD7 /* HomeViewPage.m */; };
		11FBEB1B1FA9A86000EC3DD7 /* HomeMinePage.m in Sources */ = {isa = PBXBuildFile; fileRef = 11FBEB1A1FA9A86000EC3DD7 /* HomeMinePage.m */; };
		11FBEB1E1FA9A8F200EC3DD7 /* HomeWorkPage.m in Sources */ = {isa = PBXBuildFile; fileRef = 11FBEB1D1FA9A8F200EC3DD7 /* HomeWorkPage.m */; };
		11FBEB211FA9A90600EC3DD7 /* AuthLoginPage.m in Sources */ = {isa = PBXBuildFile; fileRef = 11FBEB201FA9A90600EC3DD7 /* AuthLoginPage.m */; };
		11FBEB241FA9A91800EC3DD7 /* AuthPreLoginPage.m in Sources */ = {isa = PBXBuildFile; fileRef = 11FBEB231FA9A91800EC3DD7 /* AuthPreLoginPage.m */; };
		11FBEB271FA9A94900EC3DD7 /* HomeTabBarPage.m in Sources */ = {isa = PBXBuildFile; fileRef = 11FBEB261FA9A94900EC3DD7 /* HomeTabBarPage.m */; };
		11FBEB2A1FA9AAD000EC3DD7 /* BaseNavigationPage.m in Sources */ = {isa = PBXBuildFile; fileRef = 11FBEB291FA9AAD000EC3DD7 /* BaseNavigationPage.m */; };
		11FBEB2F1FA9ABF600EC3DD7 /* BaseButton.m in Sources */ = {isa = PBXBuildFile; fileRef = 11FBEB2E1FA9ABF600EC3DD7 /* BaseButton.m */; };
		11FBEB321FA9AC0E00EC3DD7 /* BaseTableViewCell.m in Sources */ = {isa = PBXBuildFile; fileRef = 11FBEB311FA9AC0E00EC3DD7 /* BaseTableViewCell.m */; };
		11FBEB391FA9B61800EC3DD7 /* UIImage+Cache.m in Sources */ = {isa = PBXBuildFile; fileRef = 11FBEB381FA9B61800EC3DD7 /* UIImage+Cache.m */; };
		11FBEB401FAAAE6000EC3DD7 /* BaseInput.m in Sources */ = {isa = PBXBuildFile; fileRef = 11FBEB3F1FAAAE6000EC3DD7 /* BaseInput.m */; };
		80288FFC44AA5FDD0A3D3C92 /* libPods-CopyMe.a in Frameworks */ = {isa = PBXBuildFile; fileRef = A675585C3D7C507919247171 /* libPods-CopyMe.a */; };
/* End PBXBuildFile section */

/* Begin PBXFileReference section */
		113D591F1FAABF27008B10D3 /* NSString+Valid.h */ = {isa = PBXFileReference; lastKnownFileType = sourcecode.c.h; path = "NSString+Valid.h"; sourceTree = "<group>"; };
		113D59201FAABF27008B10D3 /* NSString+Valid.m */ = {isa = PBXFileReference; lastKnownFileType = sourcecode.c.objc; path = "NSString+Valid.m"; sourceTree = "<group>"; };
		113D59221FAAC848008B10D3 /* NSTimer+Block.h */ = {isa = PBXFileReference; lastKnownFileType = sourcecode.c.h; path = "NSTimer+Block.h"; sourceTree = "<group>"; };
		113D59231FAAC848008B10D3 /* NSTimer+Block.m */ = {isa = PBXFileReference; lastKnownFileType = sourcecode.c.objc; path = "NSTimer+Block.m"; sourceTree = "<group>"; };
		113D59291FAAEAA1008B10D3 /* BaseNavControlPage.h */ = {isa = PBXFileReference; lastKnownFileType = sourcecode.c.h; path = BaseNavControlPage.h; sourceTree = "<group>"; };
		113D592A1FAAEAA1008B10D3 /* BaseNavControlPage.m */ = {isa = PBXFileReference; lastKnownFileType = sourcecode.c.objc; path = BaseNavControlPage.m; sourceTree = "<group>"; };
		11527B9F1FAB11A9004020D9 /* DBManager.h */ = {isa = PBXFileReference; lastKnownFileType = sourcecode.c.h; path = DBManager.h; sourceTree = "<group>"; };
		11527BA01FAB11A9004020D9 /* DBManager.m */ = {isa = PBXFileReference; lastKnownFileType = sourcecode.c.objc; path = DBManager.m; sourceTree = "<group>"; };
		118A19151FA99E4500741B52 /* CopyMe.app */ = {isa = PBXFileReference; explicitFileType = wrapper.application; includeInIndex = 0; path = CopyMe.app; sourceTree = BUILT_PRODUCTS_DIR; };
		118A19181FA99E4500741B52 /* AppDelegate.h */ = {isa = PBXFileReference; lastKnownFileType = sourcecode.c.h; path = AppDelegate.h; sourceTree = "<group>"; };
		118A19191FA99E4500741B52 /* AppDelegate.m */ = {isa = PBXFileReference; lastKnownFileType = sourcecode.c.objc; path = AppDelegate.m; sourceTree = "<group>"; };
		118A19211FA99E4500741B52 /* Assets.xcassets */ = {isa = PBXFileReference; lastKnownFileType = folder.assetcatalog; path = Assets.xcassets; sourceTree = "<group>"; };
		118A19241FA99E4500741B52 /* Base */ = {isa = PBXFileReference; lastKnownFileType = file.storyboard; name = Base; path = Base.lproj/LaunchScreen.storyboard; sourceTree = "<group>"; };
		118A19261FA99E4500741B52 /* Info.plist */ = {isa = PBXFileReference; lastKnownFileType = text.plist.xml; path = Info.plist; sourceTree = "<group>"; };
		118A19271FA99E4500741B52 /* main.m */ = {isa = PBXFileReference; lastKnownFileType = sourcecode.c.objc; path = main.m; sourceTree = "<group>"; };
		118A192E1FA99F1500741B52 /* CopyMe_Prefix.pch */ = {isa = PBXFileReference; lastKnownFileType = sourcecode.c.h; path = CopyMe_Prefix.pch; sourceTree = "<group>"; };
		11B34E0F1FAC392300F3C37C /* DBShareManager.h */ = {isa = PBXFileReference; lastKnownFileType = sourcecode.c.h; path = DBShareManager.h; sourceTree = "<group>"; };
		11B34E101FAC392300F3C37C /* DBShareManager.m */ = {isa = PBXFileReference; lastKnownFileType = sourcecode.c.objc; path = DBShareManager.m; sourceTree = "<group>"; };
		11B34E121FAC394700F3C37C /* DBUserManager.h */ = {isa = PBXFileReference; lastKnownFileType = sourcecode.c.h; path = DBUserManager.h; sourceTree = "<group>"; };
		11B34E131FAC394700F3C37C /* DBUserManager.m */ = {isa = PBXFileReference; lastKnownFileType = sourcecode.c.objc; path = DBUserManager.m; sourceTree = "<group>"; };
		11FBEB091FA9A61B00EC3DD7 /* BaseViewPage.h */ = {isa = PBXFileReference; lastKnownFileType = sourcecode.c.h; path = BaseViewPage.h; sourceTree = "<group>"; };
		11FBEB0A1FA9A61B00EC3DD7 /* BaseViewPage.m */ = {isa = PBXFileReference; lastKnownFileType = sourcecode.c.objc; path = BaseViewPage.m; sourceTree = "<group>"; };
		11FBEB121FA9A67D00EC3DD7 /* BaseListPage.h */ = {isa = PBXFileReference; lastKnownFileType = sourcecode.c.h; path = BaseListPage.h; sourceTree = "<group>"; };
		11FBEB131FA9A67D00EC3DD7 /* BaseListPage.m */ = {isa = PBXFileReference; lastKnownFileType = sourcecode.c.objc; path = BaseListPage.m; sourceTree = "<group>"; };
		11FBEB161FA9A80B00EC3DD7 /* HomeViewPage.h */ = {isa = PBXFileReference; lastKnownFileType = sourcecode.c.h; path = HomeViewPage.h; sourceTree = "<group>"; };
		11FBEB171FA9A80B00EC3DD7 /* HomeViewPage.m */ = {isa = PBXFileReference; lastKnownFileType = sourcecode.c.objc; path = HomeViewPage.m; sourceTree = "<group>"; };
		11FBEB191FA9A86000EC3DD7 /* HomeMinePage.h */ = {isa = PBXFileReference; lastKnownFileType = sourcecode.c.h; path = HomeMinePage.h; sourceTree = "<group>"; };
		11FBEB1A1FA9A86000EC3DD7 /* HomeMinePage.m */ = {isa = PBXFileReference; lastKnownFileType = sourcecode.c.objc; path = HomeMinePage.m; sourceTree = "<group>"; };
		11FBEB1C1FA9A8F200EC3DD7 /* HomeWorkPage.h */ = {isa = PBXFileReference; lastKnownFileType = sourcecode.c.h; path = HomeWorkPage.h; sourceTree = "<group>"; };
		11FBEB1D1FA9A8F200EC3DD7 /* HomeWorkPage.m */ = {isa = PBXFileReference; lastKnownFileType = sourcecode.c.objc; path = HomeWorkPage.m; sourceTree = "<group>"; };
		11FBEB1F1FA9A90600EC3DD7 /* AuthLoginPage.h */ = {isa = PBXFileReference; lastKnownFileType = sourcecode.c.h; path = AuthLoginPage.h; sourceTree = "<group>"; };
		11FBEB201FA9A90600EC3DD7 /* AuthLoginPage.m */ = {isa = PBXFileReference; lastKnownFileType = sourcecode.c.objc; path = AuthLoginPage.m; sourceTree = "<group>"; };
		11FBEB221FA9A91800EC3DD7 /* AuthPreLoginPage.h */ = {isa = PBXFileReference; lastKnownFileType = sourcecode.c.h; path = AuthPreLoginPage.h; sourceTree = "<group>"; };
		11FBEB231FA9A91800EC3DD7 /* AuthPreLoginPage.m */ = {isa = PBXFileReference; lastKnownFileType = sourcecode.c.objc; path = AuthPreLoginPage.m; sourceTree = "<group>"; };
		11FBEB251FA9A94900EC3DD7 /* HomeTabBarPage.h */ = {isa = PBXFileReference; lastKnownFileType = sourcecode.c.h; path = HomeTabBarPage.h; sourceTree = "<group>"; };
		11FBEB261FA9A94900EC3DD7 /* HomeTabBarPage.m */ = {isa = PBXFileReference; lastKnownFileType = sourcecode.c.objc; path = HomeTabBarPage.m; sourceTree = "<group>"; };
		11FBEB281FA9AAD000EC3DD7 /* BaseNavigationPage.h */ = {isa = PBXFileReference; lastKnownFileType = sourcecode.c.h; path = BaseNavigationPage.h; sourceTree = "<group>"; };
		11FBEB291FA9AAD000EC3DD7 /* BaseNavigationPage.m */ = {isa = PBXFileReference; lastKnownFileType = sourcecode.c.objc; path = BaseNavigationPage.m; sourceTree = "<group>"; };
		11FBEB2D1FA9ABF600EC3DD7 /* BaseButton.h */ = {isa = PBXFileReference; lastKnownFileType = sourcecode.c.h; path = BaseButton.h; sourceTree = "<group>"; };
		11FBEB2E1FA9ABF600EC3DD7 /* BaseButton.m */ = {isa = PBXFileReference; lastKnownFileType = sourcecode.c.objc; path = BaseButton.m; sourceTree = "<group>"; };
		11FBEB301FA9AC0E00EC3DD7 /* BaseTableViewCell.h */ = {isa = PBXFileReference; lastKnownFileType = sourcecode.c.h; path = BaseTableViewCell.h; sourceTree = "<group>"; };
		11FBEB311FA9AC0E00EC3DD7 /* BaseTableViewCell.m */ = {isa = PBXFileReference; lastKnownFileType = sourcecode.c.objc; path = BaseTableViewCell.m; sourceTree = "<group>"; };
		11FBEB341FA9AC9800EC3DD7 /* ColorHelper.h */ = {isa = PBXFileReference; lastKnownFileType = sourcecode.c.h; path = ColorHelper.h; sourceTree = "<group>"; };
		11FBEB351FA9ACF700EC3DD7 /* Declare.h */ = {isa = PBXFileReference; lastKnownFileType = sourcecode.c.h; path = Declare.h; sourceTree = "<group>"; };
		11FBEB371FA9B61800EC3DD7 /* UIImage+Cache.h */ = {isa = PBXFileReference; lastKnownFileType = sourcecode.c.h; path = "UIImage+Cache.h"; sourceTree = "<group>"; };
		11FBEB381FA9B61800EC3DD7 /* UIImage+Cache.m */ = {isa = PBXFileReference; lastKnownFileType = sourcecode.c.objc; path = "UIImage+Cache.m"; sourceTree = "<group>"; };
		11FBEB3E1FAAAE6000EC3DD7 /* BaseInput.h */ = {isa = PBXFileReference; lastKnownFileType = sourcecode.c.h; path = BaseInput.h; sourceTree = "<group>"; };
		11FBEB3F1FAAAE6000EC3DD7 /* BaseInput.m */ = {isa = PBXFileReference; lastKnownFileType = sourcecode.c.objc; path = BaseInput.m; sourceTree = "<group>"; };
		79DF606B15D0951AB26482B7 /* Pods-CopyMe.release.xcconfig */ = {isa = PBXFileReference; includeInIndex = 1; lastKnownFileType = text.xcconfig; name = "Pods-CopyMe.release.xcconfig"; path = "Pods/Target Support Files/Pods-CopyMe/Pods-CopyMe.release.xcconfig"; sourceTree = "<group>"; };
		A675585C3D7C507919247171 /* libPods-CopyMe.a */ = {isa = PBXFileReference; explicitFileType = archive.ar; includeInIndex = 0; path = "libPods-CopyMe.a"; sourceTree = BUILT_PRODUCTS_DIR; };
		AB6D989845691EAAF06BDCFB /* Pods-CopyMe.debug.xcconfig */ = {isa = PBXFileReference; includeInIndex = 1; lastKnownFileType = text.xcconfig; name = "Pods-CopyMe.debug.xcconfig"; path = "Pods/Target Support Files/Pods-CopyMe/Pods-CopyMe.debug.xcconfig"; sourceTree = "<group>"; };
/* End PBXFileReference section */

/* Begin PBXFrameworksBuildPhase section */
		118A19121FA99E4500741B52 /* Frameworks */ = {
			isa = PBXFrameworksBuildPhase;
			buildActionMask = 2147483647;
			files = (
				80288FFC44AA5FDD0A3D3C92 /* libPods-CopyMe.a in Frameworks */,
			);
			runOnlyForDeploymentPostprocessing = 0;
		};
/* End PBXFrameworksBuildPhase section */

/* Begin PBXGroup section */
		118A190C1FA99E4500741B52 = {
			isa = PBXGroup;
			children = (
				118A19171FA99E4500741B52 /* CopyMe */,
				118A19161FA99E4500741B52 /* Products */,
				F7277BA274C8C4AB3DC3BDBA /* Pods */,
				C9028D0C012F113C10B9536B /* Frameworks */,
			);
			sourceTree = "<group>";
		};
		118A19161FA99E4500741B52 /* Products */ = {
			isa = PBXGroup;
			children = (
				118A19151FA99E4500741B52 /* CopyMe.app */,
			);
			name = Products;
			sourceTree = "<group>";
		};
		118A19171FA99E4500741B52 /* CopyMe */ = {
			isa = PBXGroup;
			children = (
				11FBEB361FA9B5EC00EC3DD7 /* Addition */,
				11FBEB331FA9AC7E00EC3DD7 /* Global */,
				11FBEAFF1FA9A33900EC3DD7 /* BaseClass */,
				11FBEB041FA9A51100EC3DD7 /* Modular */,
				118A19181FA99E4500741B52 /* AppDelegate.h */,
				118A19191FA99E4500741B52 /* AppDelegate.m */,
				118A19211FA99E4500741B52 /* Assets.xcassets */,
				118A19231FA99E4500741B52 /* LaunchScreen.storyboard */,
				118A19261FA99E4500741B52 /* Info.plist */,
				118A19271FA99E4500741B52 /* main.m */,
				118A192E1FA99F1500741B52 /* CopyMe_Prefix.pch */,
			);
			path = CopyMe;
			sourceTree = "<group>";
		};
		11FBEAFF1FA9A33900EC3DD7 /* BaseClass */ = {
			isa = PBXGroup;
			children = (
				11FBEB3A1FAAADBC00EC3DD7 /* BaseInput */,
				11FBEB2C1FA9ABD200EC3DD7 /* BaseCell */,
				11FBEB2B1FA9ABC800EC3DD7 /* BaseButton */,
				11FBEB001FA9A34300EC3DD7 /* BasePage */,
			);
			path = BaseClass;
			sourceTree = "<group>";
		};
		11FBEB001FA9A34300EC3DD7 /* BasePage */ = {
			isa = PBXGroup;
			children = (
				11FBEB091FA9A61B00EC3DD7 /* BaseViewPage.h */,
				11FBEB0A1FA9A61B00EC3DD7 /* BaseViewPage.m */,
				11FBEB121FA9A67D00EC3DD7 /* BaseListPage.h */,
				11FBEB131FA9A67D00EC3DD7 /* BaseListPage.m */,
				11FBEB281FA9AAD000EC3DD7 /* BaseNavigationPage.h */,
				11FBEB291FA9AAD000EC3DD7 /* BaseNavigationPage.m */,
				113D59291FAAEAA1008B10D3 /* BaseNavControlPage.h */,
				113D592A1FAAEAA1008B10D3 /* BaseNavControlPage.m */,
			);
			path = BasePage;
			sourceTree = "<group>";
		};
		11FBEB041FA9A51100EC3DD7 /* Modular */ = {
			isa = PBXGroup;
			children = (
				11FBEB151FA9A6A400EC3DD7 /* Home */,
				11FBEB051FA9A52200EC3DD7 /* Auth */,
			);
			path = Modular;
			sourceTree = "<group>";
		};
		11FBEB051FA9A52200EC3DD7 /* Auth */ = {
			isa = PBXGroup;
			children = (
				11FBEB1F1FA9A90600EC3DD7 /* AuthLoginPage.h */,
				11FBEB201FA9A90600EC3DD7 /* AuthLoginPage.m */,
				11FBEB221FA9A91800EC3DD7 /* AuthPreLoginPage.h */,
				11FBEB231FA9A91800EC3DD7 /* AuthPreLoginPage.m */,
			);
			path = Auth;
			sourceTree = "<group>";
		};
		11FBEB151FA9A6A400EC3DD7 /* Home */ = {
			isa = PBXGroup;
			children = (
				11FBEB251FA9A94900EC3DD7 /* HomeTabBarPage.h */,
				11FBEB261FA9A94900EC3DD7 /* HomeTabBarPage.m */,
				11FBEB161FA9A80B00EC3DD7 /* HomeViewPage.h */,
				11FBEB171FA9A80B00EC3DD7 /* HomeViewPage.m */,
				11FBEB1C1FA9A8F200EC3DD7 /* HomeWorkPage.h */,
				11FBEB1D1FA9A8F200EC3DD7 /* HomeWorkPage.m */,
				11FBEB191FA9A86000EC3DD7 /* HomeMinePage.h */,
				11FBEB1A1FA9A86000EC3DD7 /* HomeMinePage.m */,
			);
			path = Home;
			sourceTree = "<group>";
		};
		11FBEB2B1FA9ABC800EC3DD7 /* BaseButton */ = {
			isa = PBXGroup;
			children = (
				11FBEB2D1FA9ABF600EC3DD7 /* BaseButton.h */,
				11FBEB2E1FA9ABF600EC3DD7 /* BaseButton.m */,
			);
			path = BaseButton;
			sourceTree = "<group>";
		};
		11FBEB2C1FA9ABD200EC3DD7 /* BaseCell */ = {
			isa = PBXGroup;
			children = (
				11FBEB301FA9AC0E00EC3DD7 /* BaseTableViewCell.h */,
				11FBEB311FA9AC0E00EC3DD7 /* BaseTableViewCell.m */,
			);
			path = BaseCell;
			sourceTree = "<group>";
		};
		11FBEB331FA9AC7E00EC3DD7 /* Global */ = {
			isa = PBXGroup;
			children = (
				11FBEB341FA9AC9800EC3DD7 /* ColorHelper.h */,
				11FBEB351FA9ACF700EC3DD7 /* Declare.h */,
				11527B9F1FAB11A9004020D9 /* DBManager.h */,
				11527BA01FAB11A9004020D9 /* DBManager.m */,
				11B34E0F1FAC392300F3C37C /* DBShareManager.h */,
				11B34E101FAC392300F3C37C /* DBShareManager.m */,
				11B34E121FAC394700F3C37C /* DBUserManager.h */,
				11B34E131FAC394700F3C37C /* DBUserManager.m */,
			);
			path = Global;
			sourceTree = "<group>";
		};
		11FBEB361FA9B5EC00EC3DD7 /* Addition */ = {
			isa = PBXGroup;
			children = (
				11FBEB371FA9B61800EC3DD7 /* UIImage+Cache.h */,
				11FBEB381FA9B61800EC3DD7 /* UIImage+Cache.m */,
				113D591F1FAABF27008B10D3 /* NSString+Valid.h */,
				113D59201FAABF27008B10D3 /* NSString+Valid.m */,
				113D59221FAAC848008B10D3 /* NSTimer+Block.h */,
				113D59231FAAC848008B10D3 /* NSTimer+Block.m */,
			);
			path = Addition;
			sourceTree = "<group>";
		};
		11FBEB3A1FAAADBC00EC3DD7 /* BaseInput */ = {
			isa = PBXGroup;
			children = (
				11FBEB3E1FAAAE6000EC3DD7 /* BaseInput.h */,
				11FBEB3F1FAAAE6000EC3DD7 /* BaseInput.m */,
			);
			path = BaseInput;
			sourceTree = "<group>";
		};
		C9028D0C012F113C10B9536B /* Frameworks */ = {
			isa = PBXGroup;
			children = (
				A675585C3D7C507919247171 /* libPods-CopyMe.a */,
			);
			name = Frameworks;
			sourceTree = "<group>";
		};
		F7277BA274C8C4AB3DC3BDBA /* Pods */ = {
			isa = PBXGroup;
			children = (
				AB6D989845691EAAF06BDCFB /* Pods-CopyMe.debug.xcconfig */,
				79DF606B15D0951AB26482B7 /* Pods-CopyMe.release.xcconfig */,
			);
			name = Pods;
			sourceTree = "<group>";
		};
/* End PBXGroup section */

/* Begin PBXNativeTarget section */
		118A19141FA99E4500741B52 /* CopyMe */ = {
			isa = PBXNativeTarget;
			buildConfigurationList = 118A192B1FA99E4500741B52 /* Build configuration list for PBXNativeTarget "CopyMe" */;
			buildPhases = (
				A16CBC2F9119AB72D50AF18F /* [CP] Check Pods Manifest.lock */,
				118A19111FA99E4500741B52 /* Sources */,
				118A19121FA99E4500741B52 /* Frameworks */,
				118A19131FA99E4500741B52 /* Resources */,
				1A5F1A0FB74311A9D0F45797 /* [CP] Embed Pods Frameworks */,
				829237875BCE8DB749E8AB8C /* [CP] Copy Pods Resources */,
			);
			buildRules = (
			);
			dependencies = (
			);
			name = CopyMe;
			productName = CopyMe;
			productReference = 118A19151FA99E4500741B52 /* CopyMe.app */;
			productType = "com.apple.product-type.application";
		};
/* End PBXNativeTarget section */

/* Begin PBXProject section */
		118A190D1FA99E4500741B52 /* Project object */ = {
			isa = PBXProject;
			attributes = {
				LastUpgradeCheck = 0900;
				ORGANIZATIONNAME = Keen;
				TargetAttributes = {
					118A19141FA99E4500741B52 = {
						CreatedOnToolsVersion = 9.0.1;
						ProvisioningStyle = Automatic;
					};
				};
			};
			buildConfigurationList = 118A19101FA99E4500741B52 /* Build configuration list for PBXProject "CopyMe" */;
			compatibilityVersion = "Xcode 8.0";
			developmentRegion = en;
			hasScannedForEncodings = 0;
			knownRegions = (
				en,
				Base,
			);
			mainGroup = 118A190C1FA99E4500741B52;
			productRefGroup = 118A19161FA99E4500741B52 /* Products */;
			projectDirPath = "";
			projectRoot = "";
			targets = (
				118A19141FA99E4500741B52 /* CopyMe */,
			);
		};
/* End PBXProject section */

/* Begin PBXResourcesBuildPhase section */
		118A19131FA99E4500741B52 /* Resources */ = {
			isa = PBXResourcesBuildPhase;
			buildActionMask = 2147483647;
			files = (
				118A19251FA99E4500741B52 /* LaunchScreen.storyboard in Resources */,
				118A19221FA99E4500741B52 /* Assets.xcassets in Resources */,
			);
			runOnlyForDeploymentPostprocessing = 0;
		};
/* End PBXResourcesBuildPhase section */

/* Begin PBXShellScriptBuildPhase section */
		1A5F1A0FB74311A9D0F45797 /* [CP] Embed Pods Frameworks */ = {
			isa = PBXShellScriptBuildPhase;
			buildActionMask = 2147483647;
			files = (
			);
			inputPaths = (
			);
			name = "[CP] Embed Pods Frameworks";
			outputPaths = (
			);
			runOnlyForDeploymentPostprocessing = 0;
			shellPath = /bin/sh;
			shellScript = "\"${SRCROOT}/Pods/Target Support Files/Pods-CopyMe/Pods-CopyMe-frameworks.sh\"\n";
			showEnvVarsInLog = 0;
		};
		829237875BCE8DB749E8AB8C /* [CP] Copy Pods Resources */ = {
			isa = PBXShellScriptBuildPhase;
			buildActionMask = 2147483647;
			files = (
			);
			inputPaths = (
			);
			name = "[CP] Copy Pods Resources";
			outputPaths = (
			);
			runOnlyForDeploymentPostprocessing = 0;
			shellPath = /bin/sh;
			shellScript = "\"${SRCROOT}/Pods/Target Support Files/Pods-CopyMe/Pods-CopyMe-resources.sh\"\n";
			showEnvVarsInLog = 0;
		};
		A16CBC2F9119AB72D50AF18F /* [CP] Check Pods Manifest.lock */ = {
			isa = PBXShellScriptBuildPhase;
			buildActionMask = 2147483647;
			files = (
			);
			inputPaths = (
			);
			name = "[CP] Check Pods Manifest.lock";
			outputPaths = (
			);
			runOnlyForDeploymentPostprocessing = 0;
			shellPath = /bin/sh;
			shellScript = "diff \"${PODS_ROOT}/../Podfile.lock\" \"${PODS_ROOT}/Manifest.lock\" > /dev/null\nif [ $? != 0 ] ; then\n    # print error to STDERR\n    echo \"error: The sandbox is not in sync with the Podfile.lock. Run 'pod install' or update your CocoaPods installation.\" >&2\n    exit 1\nfi\n";
			showEnvVarsInLog = 0;
		};
/* End PBXShellScriptBuildPhase section */

/* Begin PBXSourcesBuildPhase section */
		118A19111FA99E4500741B52 /* Sources */ = {
			isa = PBXSourcesBuildPhase;
			buildActionMask = 2147483647;
			files = (
				11FBEB0B1FA9A61B00EC3DD7 /* BaseViewPage.m in Sources */,
				11FBEB401FAAAE6000EC3DD7 /* BaseInput.m in Sources */,
				11FBEB271FA9A94900EC3DD7 /* HomeTabBarPage.m in Sources */,
				11FBEB181FA9A80B00EC3DD7 /* HomeViewPage.m in Sources */,
				113D59241FAAC848008B10D3 /* NSTimer+Block.m in Sources */,
				11FBEB2A1FA9AAD000EC3DD7 /* BaseNavigationPage.m in Sources */,
				11FBEB391FA9B61800EC3DD7 /* UIImage+Cache.m in Sources */,
				113D592B1FAAEAA1008B10D3 /* BaseNavControlPage.m in Sources */,
				11527BA11FAB11A9004020D9 /* DBManager.m in Sources */,
				11FBEB1B1FA9A86000EC3DD7 /* HomeMinePage.m in Sources */,
				11FBEB211FA9A90600EC3DD7 /* AuthLoginPage.m in Sources */,
				118A19281FA99E4500741B52 /* main.m in Sources */,
				11FBEB141FA9A67D00EC3DD7 /* BaseListPage.m in Sources */,
				11FBEB321FA9AC0E00EC3DD7 /* BaseTableViewCell.m in Sources */,
				11FBEB241FA9A91800EC3DD7 /* AuthPreLoginPage.m in Sources */,
				11B34E111FAC392300F3C37C /* DBShareManager.m in Sources */,
				118A191A1FA99E4500741B52 /* AppDelegate.m in Sources */,
				11B34E141FAC394700F3C37C /* DBUserManager.m in Sources */,
				11FBEB2F1FA9ABF600EC3DD7 /* BaseButton.m in Sources */,
				113D59211FAABF27008B10D3 /* NSString+Valid.m in Sources */,
				11FBEB1E1FA9A8F200EC3DD7 /* HomeWorkPage.m in Sources */,
			);
			runOnlyForDeploymentPostprocessing = 0;
		};
/* End PBXSourcesBuildPhase section */

/* Begin PBXVariantGroup section */
		118A19231FA99E4500741B52 /* LaunchScreen.storyboard */ = {
			isa = PBXVariantGroup;
			children = (
				118A19241FA99E4500741B52 /* Base */,
			);
			name = LaunchScreen.storyboard;
			sourceTree = "<group>";
		};
/* End PBXVariantGroup section */

/* Begin XCBuildConfiguration section */
		118A19291FA99E4500741B52 /* Debug */ = {
			isa = XCBuildConfiguration;
			buildSettings = {
				ALWAYS_SEARCH_USER_PATHS = NO;
				CLANG_ANALYZER_NONNULL = YES;
				CLANG_ANALYZER_NUMBER_OBJECT_CONVERSION = YES_AGGRESSIVE;
				CLANG_CXX_LANGUAGE_STANDARD = "gnu++14";
				CLANG_CXX_LIBRARY = "libc++";
				CLANG_ENABLE_MODULES = YES;
				CLANG_ENABLE_OBJC_ARC = YES;
				CLANG_WARN_BLOCK_CAPTURE_AUTORELEASING = YES;
				CLANG_WARN_BOOL_CONVERSION = YES;
				CLANG_WARN_COMMA = YES;
				CLANG_WARN_CONSTANT_CONVERSION = YES;
				CLANG_WARN_DIRECT_OBJC_ISA_USAGE = YES_ERROR;
				CLANG_WARN_DOCUMENTATION_COMMENTS = YES;
				CLANG_WARN_EMPTY_BODY = YES;
				CLANG_WARN_ENUM_CONVERSION = YES;
				CLANG_WARN_INFINITE_RECURSION = YES;
				CLANG_WARN_INT_CONVERSION = YES;
				CLANG_WARN_NON_LITERAL_NULL_CONVERSION = YES;
				CLANG_WARN_OBJC_LITERAL_CONVERSION = YES;
				CLANG_WARN_OBJC_ROOT_CLASS = YES_ERROR;
				CLANG_WARN_RANGE_LOOP_ANALYSIS = YES;
				CLANG_WARN_STRICT_PROTOTYPES = YES;
				CLANG_WARN_SUSPICIOUS_MOVE = YES;
				CLANG_WARN_UNGUARDED_AVAILABILITY = YES_AGGRESSIVE;
				CLANG_WARN_UNREACHABLE_CODE = YES;
				CLANG_WARN__DUPLICATE_METHOD_MATCH = YES;
				CODE_SIGN_IDENTITY = "iPhone Developer";
				COPY_PHASE_STRIP = NO;
				DEBUG_INFORMATION_FORMAT = dwarf;
				ENABLE_STRICT_OBJC_MSGSEND = YES;
				ENABLE_TESTABILITY = YES;
				GCC_C_LANGUAGE_STANDARD = gnu11;
				GCC_DYNAMIC_NO_PIC = NO;
				GCC_NO_COMMON_BLOCKS = YES;
				GCC_OPTIMIZATION_LEVEL = 0;
				GCC_PREPROCESSOR_DEFINITIONS = (
					"DEBUG=1",
					"$(inherited)",
				);
				GCC_WARN_64_TO_32_BIT_CONVERSION = YES;
				GCC_WARN_ABOUT_RETURN_TYPE = YES_ERROR;
				GCC_WARN_UNDECLARED_SELECTOR = YES;
				GCC_WARN_UNINITIALIZED_AUTOS = YES_AGGRESSIVE;
				GCC_WARN_UNUSED_FUNCTION = YES;
				GCC_WARN_UNUSED_VARIABLE = YES;
				IPHONEOS_DEPLOYMENT_TARGET = 11.0;
				MTL_ENABLE_DEBUG_INFO = YES;
				ONLY_ACTIVE_ARCH = YES;
				SDKROOT = iphoneos;
			};
			name = Debug;
		};
		118A192A1FA99E4500741B52 /* Release */ = {
			isa = XCBuildConfiguration;
			buildSettings = {
				ALWAYS_SEARCH_USER_PATHS = NO;
				CLANG_ANALYZER_NONNULL = YES;
				CLANG_ANALYZER_NUMBER_OBJECT_CONVERSION = YES_AGGRESSIVE;
				CLANG_CXX_LANGUAGE_STANDARD = "gnu++14";
				CLANG_CXX_LIBRARY = "libc++";
				CLANG_ENABLE_MODULES = YES;
				CLANG_ENABLE_OBJC_ARC = YES;
				CLANG_WARN_BLOCK_CAPTURE_AUTORELEASING = YES;
				CLANG_WARN_BOOL_CONVERSION = YES;
				CLANG_WARN_COMMA = YES;
				CLANG_WARN_CONSTANT_CONVERSION = YES;
				CLANG_WARN_DIRECT_OBJC_ISA_USAGE = YES_ERROR;
				CLANG_WARN_DOCUMENTATION_COMMENTS = YES;
				CLANG_WARN_EMPTY_BODY = YES;
				CLANG_WARN_ENUM_CONVERSION = YES;
				CLANG_WARN_INFINITE_RECURSION = YES;
				CLANG_WARN_INT_CONVERSION = YES;
				CLANG_WARN_NON_LITERAL_NULL_CONVERSION = YES;
				CLANG_WARN_OBJC_LITERAL_CONVERSION = YES;
				CLANG_WARN_OBJC_ROOT_CLASS = YES_ERROR;
				CLANG_WARN_RANGE_LOOP_ANALYSIS = YES;
				CLANG_WARN_STRICT_PROTOTYPES = YES;
				CLANG_WARN_SUSPICIOUS_MOVE = YES;
				CLANG_WARN_UNGUARDED_AVAILABILITY = YES_AGGRESSIVE;
				CLANG_WARN_UNREACHABLE_CODE = YES;
				CLANG_WARN__DUPLICATE_METHOD_MATCH = YES;
				CODE_SIGN_IDENTITY = "iPhone Developer";
				COPY_PHASE_STRIP = NO;
				DEBUG_INFORMATION_FORMAT = "dwarf-with-dsym";
				ENABLE_NS_ASSERTIONS = NO;
				ENABLE_STRICT_OBJC_MSGSEND = YES;
				GCC_C_LANGUAGE_STANDARD = gnu11;
				GCC_NO_COMMON_BLOCKS = YES;
				GCC_WARN_64_TO_32_BIT_CONVERSION = YES;
				GCC_WARN_ABOUT_RETURN_TYPE = YES_ERROR;
				GCC_WARN_UNDECLARED_SELECTOR = YES;
				GCC_WARN_UNINITIALIZED_AUTOS = YES_AGGRESSIVE;
				GCC_WARN_UNUSED_FUNCTION = YES;
				GCC_WARN_UNUSED_VARIABLE = YES;
				IPHONEOS_DEPLOYMENT_TARGET = 11.0;
				MTL_ENABLE_DEBUG_INFO = NO;
				SDKROOT = iphoneos;
				VALIDATE_PRODUCT = YES;
			};
			name = Release;
		};
		118A192C1FA99E4500741B52 /* Debug */ = {
			isa = XCBuildConfiguration;
			baseConfigurationReference = AB6D989845691EAAF06BDCFB /* Pods-CopyMe.debug.xcconfig */;
			buildSettings = {
				ASSETCATALOG_COMPILER_APPICON_NAME = AppIcon;
				CODE_SIGN_STYLE = Automatic;
				DEVELOPMENT_TEAM = ULP85HJC9V;
				GCC_PREFIX_HEADER = CopyMe/CopyMe_Prefix.pch;
				INFOPLIST_FILE = CopyMe/Info.plist;
				IPHONEOS_DEPLOYMENT_TARGET = 9.0;
				LD_RUNPATH_SEARCH_PATHS = "$(inherited) @executable_path/Frameworks";
				PRODUCT_BUNDLE_IDENTIFIER = com.keenloge.CopyMe;
				PRODUCT_NAME = "$(TARGET_NAME)";
				TARGETED_DEVICE_FAMILY = "1,2";
			};
			name = Debug;
		};
		118A192D1FA99E4500741B52 /* Release */ = {
			isa = XCBuildConfiguration;
			baseConfigurationReference = 79DF606B15D0951AB26482B7 /* Pods-CopyMe.release.xcconfig */;
			buildSettings = {
				ASSETCATALOG_COMPILER_APPICON_NAME = AppIcon;
				CODE_SIGN_STYLE = Automatic;
				DEVELOPMENT_TEAM = ULP85HJC9V;
				GCC_PREFIX_HEADER = CopyMe/CopyMe_Prefix.pch;
				INFOPLIST_FILE = CopyMe/Info.plist;
				IPHONEOS_DEPLOYMENT_TARGET = 9.0;
				LD_RUNPATH_SEARCH_PATHS = "$(inherited) @executable_path/Frameworks";
				PRODUCT_BUNDLE_IDENTIFIER = com.keenloge.CopyMe;
				PRODUCT_NAME = "$(TARGET_NAME)";
				TARGETED_DEVICE_FAMILY = "1,2";
			};
			name = Release;
		};
/* End XCBuildConfiguration section */

/* Begin XCConfigurationList section */
		118A19101FA99E4500741B52 /* Build configuration list for PBXProject "CopyMe" */ = {
			isa = XCConfigurationList;
			buildConfigurations = (
				118A19291FA99E4500741B52 /* Debug */,
				118A192A1FA99E4500741B52 /* Release */,
			);
			defaultConfigurationIsVisible = 0;
			defaultConfigurationName = Release;
		};
		118A192B1FA99E4500741B52 /* Build configuration list for PBXNativeTarget "CopyMe" */ = {
			isa = XCConfigurationList;
			buildConfigurations = (
				118A192C1FA99E4500741B52 /* Debug */,
				118A192D1FA99E4500741B52 /* Release */,
			);
			defaultConfigurationIsVisible = 0;
			defaultConfigurationName = Release;
		};
/* End XCConfigurationList section */
	};
	rootObject = 118A190D1FA99E4500741B52 /* Project object */;
}
